// !$*UTF8*$!
{
	archiveVersion = 1;
	classes = {
	};
	objectVersion = 48;
	objects = {

/* Begin PBXBuildFile section */
		A812ED53208EBCED0061FDA7 /* Note.swift in Sources */ = {isa = PBXBuildFile; fileRef = A812ED52208EBCED0061FDA7 /* Note.swift */; };
		A846CFFF20A8C82300399BBA /* Date.swift in Sources */ = {isa = PBXBuildFile; fileRef = A846CFFE20A8C82300399BBA /* Date.swift */; };
		A846D00320B11FBD00399BBA /* NoteCell.swift in Sources */ = {isa = PBXBuildFile; fileRef = A846D00220B11FBD00399BBA /* NoteCell.swift */; };
		A863235E2095411200BE1CB7 /* Priority.swift in Sources */ = {isa = PBXBuildFile; fileRef = A863235D2095411200BE1CB7 /* Priority.swift */; };
		A863236A2095686E00BE1CB7 /* TextFieldAccessoryView.xib in Resources */ = {isa = PBXBuildFile; fileRef = A86323692095686E00BE1CB7 /* TextFieldAccessoryView.xib */; };
		A87A59A520B2373200890545 /* UserNotification.swift in Sources */ = {isa = PBXBuildFile; fileRef = A87A59A420B2373200890545 /* UserNotification.swift */; };
		A87A59A920B25AA900890545 /* forget.png in Resources */ = {isa = PBXBuildFile; fileRef = A87A59A820B25AA900890545 /* forget.png */; };
		A87A59AC20B3DCE000890545 /* SettingsVC.swift in Sources */ = {isa = PBXBuildFile; fileRef = A87A59AA20B3DCE000890545 /* SettingsVC.swift */; };
		A87A59AD20B3DCE000890545 /* SettingsVC.xib in Resources */ = {isa = PBXBuildFile; fileRef = A87A59AB20B3DCE000890545 /* SettingsVC.xib */; };
		A87A59AF20B508C500890545 /* Theme.swift in Sources */ = {isa = PBXBuildFile; fileRef = A87A59AE20B508C500890545 /* Theme.swift */; };
		A87A59B220B51BFD00890545 /* DataService.swift in Sources */ = {isa = PBXBuildFile; fileRef = A87A59B120B51BFD00890545 /* DataService.swift */; };
		A87A59B520B5246F00890545 /* ThemeCell.swift in Sources */ = {isa = PBXBuildFile; fileRef = A87A59B320B5246F00890545 /* ThemeCell.swift */; };
		A87A59B620B5246F00890545 /* ThemeCell.xib in Resources */ = {isa = PBXBuildFile; fileRef = A87A59B420B5246F00890545 /* ThemeCell.xib */; };
		A8BC41C520BC50B200AB5BD4 /* TextFieldAccessoryView.swift in Sources */ = {isa = PBXBuildFile; fileRef = A8BC41C420BC50B200AB5BD4 /* TextFieldAccessoryView.swift */; };
		A8D19EFE2090300900F32A9C /* Dao.swift in Sources */ = {isa = PBXBuildFile; fileRef = A8D19EFD2090300900F32A9C /* Dao.swift */; };
		A8D19F2B2092CFE300F32A9C /* AddNoteVC.swift in Sources */ = {isa = PBXBuildFile; fileRef = A8D19F292092CFE300F32A9C /* AddNoteVC.swift */; };
		A8D19F2C2092CFE300F32A9C /* AddNoteVC.xib in Resources */ = {isa = PBXBuildFile; fileRef = A8D19F2A2092CFE300F32A9C /* AddNoteVC.xib */; };
		A8D958AD208EB8D50072DD5D /* AppDelegate.swift in Sources */ = {isa = PBXBuildFile; fileRef = A8D958AC208EB8D50072DD5D /* AppDelegate.swift */; };
		A8D958AF208EB8D50072DD5D /* RootVC.swift in Sources */ = {isa = PBXBuildFile; fileRef = A8D958AE208EB8D50072DD5D /* RootVC.swift */; };
		A8D958B2208EB8D50072DD5D /* Main.storyboard in Resources */ = {isa = PBXBuildFile; fileRef = A8D958B0208EB8D50072DD5D /* Main.storyboard */; };
		A8D958B4208EB8D50072DD5D /* Assets.xcassets in Resources */ = {isa = PBXBuildFile; fileRef = A8D958B3208EB8D50072DD5D /* Assets.xcassets */; };
		A8D958B7208EB8D50072DD5D /* LaunchScreen.storyboard in Resources */ = {isa = PBXBuildFile; fileRef = A8D958B5208EB8D50072DD5D /* LaunchScreen.storyboard */; };
		FF03CF962B4B56AF27DEBB8E /* Pods_Ofnote.framework in Frameworks */ = {isa = PBXBuildFile; fileRef = 611E25787BDD1D2CB7515DAD /* Pods_Ofnote.framework */; };
/* End PBXBuildFile section */

/* Begin PBXFileReference section */
		611E25787BDD1D2CB7515DAD /* Pods_Ofnote.framework */ = {isa = PBXFileReference; explicitFileType = wrapper.framework; includeInIndex = 0; path = Pods_Ofnote.framework; sourceTree = BUILT_PRODUCTS_DIR; };
		A812ED52208EBCED0061FDA7 /* Note.swift */ = {isa = PBXFileReference; lastKnownFileType = sourcecode.swift; path = Note.swift; sourceTree = "<group>"; };
		A846CFFE20A8C82300399BBA /* Date.swift */ = {isa = PBXFileReference; lastKnownFileType = sourcecode.swift; path = Date.swift; sourceTree = "<group>"; };
		A846D00220B11FBD00399BBA /* NoteCell.swift */ = {isa = PBXFileReference; lastKnownFileType = sourcecode.swift; path = NoteCell.swift; sourceTree = "<group>"; };
		A863235D2095411200BE1CB7 /* Priority.swift */ = {isa = PBXFileReference; lastKnownFileType = sourcecode.swift; path = Priority.swift; sourceTree = "<group>"; };
		A86323692095686E00BE1CB7 /* TextFieldAccessoryView.xib */ = {isa = PBXFileReference; lastKnownFileType = file.xib; path = TextFieldAccessoryView.xib; sourceTree = "<group>"; };
		A87A59A420B2373200890545 /* UserNotification.swift */ = {isa = PBXFileReference; lastKnownFileType = sourcecode.swift; path = UserNotification.swift; sourceTree = "<group>"; };
		A87A59A820B25AA900890545 /* forget.png */ = {isa = PBXFileReference; lastKnownFileType = image.png; path = forget.png; sourceTree = "<group>"; };
		A87A59AA20B3DCE000890545 /* SettingsVC.swift */ = {isa = PBXFileReference; lastKnownFileType = sourcecode.swift; path = SettingsVC.swift; sourceTree = "<group>"; };
		A87A59AB20B3DCE000890545 /* SettingsVC.xib */ = {isa = PBXFileReference; lastKnownFileType = file.xib; path = SettingsVC.xib; sourceTree = "<group>"; };
		A87A59AE20B508C500890545 /* Theme.swift */ = {isa = PBXFileReference; lastKnownFileType = sourcecode.swift; path = Theme.swift; sourceTree = "<group>"; };
		A87A59B120B51BFD00890545 /* DataService.swift */ = {isa = PBXFileReference; lastKnownFileType = sourcecode.swift; path = DataService.swift; sourceTree = "<group>"; };
		A87A59B320B5246F00890545 /* ThemeCell.swift */ = {isa = PBXFileReference; lastKnownFileType = sourcecode.swift; path = ThemeCell.swift; sourceTree = "<group>"; };
		A87A59B420B5246F00890545 /* ThemeCell.xib */ = {isa = PBXFileReference; lastKnownFileType = file.xib; path = ThemeCell.xib; sourceTree = "<group>"; };
		A8BC41C420BC50B200AB5BD4 /* TextFieldAccessoryView.swift */ = {isa = PBXFileReference; lastKnownFileType = sourcecode.swift; path = TextFieldAccessoryView.swift; sourceTree = "<group>"; };
		A8D19EFD2090300900F32A9C /* Dao.swift */ = {isa = PBXFileReference; lastKnownFileType = sourcecode.swift; path = Dao.swift; sourceTree = "<group>"; };
		A8D19F292092CFE300F32A9C /* AddNoteVC.swift */ = {isa = PBXFileReference; lastKnownFileType = sourcecode.swift; path = AddNoteVC.swift; sourceTree = "<group>"; };
		A8D19F2A2092CFE300F32A9C /* AddNoteVC.xib */ = {isa = PBXFileReference; lastKnownFileType = file.xib; path = AddNoteVC.xib; sourceTree = "<group>"; };
		A8D958A9208EB8D50072DD5D /* Ofnote.app */ = {isa = PBXFileReference; explicitFileType = wrapper.application; includeInIndex = 0; path = Ofnote.app; sourceTree = BUILT_PRODUCTS_DIR; };
		A8D958AC208EB8D50072DD5D /* AppDelegate.swift */ = {isa = PBXFileReference; lastKnownFileType = sourcecode.swift; path = AppDelegate.swift; sourceTree = "<group>"; };
		A8D958AE208EB8D50072DD5D /* RootVC.swift */ = {isa = PBXFileReference; lastKnownFileType = sourcecode.swift; path = RootVC.swift; sourceTree = "<group>"; };
		A8D958B1208EB8D50072DD5D /* Base */ = {isa = PBXFileReference; lastKnownFileType = file.storyboard; name = Base; path = Base.lproj/Main.storyboard; sourceTree = "<group>"; };
		A8D958B3208EB8D50072DD5D /* Assets.xcassets */ = {isa = PBXFileReference; lastKnownFileType = folder.assetcatalog; path = Assets.xcassets; sourceTree = "<group>"; };
		A8D958B6208EB8D50072DD5D /* Base */ = {isa = PBXFileReference; lastKnownFileType = file.storyboard; name = Base; path = Base.lproj/LaunchScreen.storyboard; sourceTree = "<group>"; };
		A8D958B8208EB8D50072DD5D /* Info.plist */ = {isa = PBXFileReference; lastKnownFileType = text.plist.xml; path = Info.plist; sourceTree = "<group>"; };
		AD574A1E4D40B0F444DD59A7 /* Pods-Ofnote.release.xcconfig */ = {isa = PBXFileReference; includeInIndex = 1; lastKnownFileType = text.xcconfig; name = "Pods-Ofnote.release.xcconfig"; path = "Pods/Target Support Files/Pods-Ofnote/Pods-Ofnote.release.xcconfig"; sourceTree = "<group>"; };
		B381842F30D17218AC3C5473 /* Pods-Ofnote.debug.xcconfig */ = {isa = PBXFileReference; includeInIndex = 1; lastKnownFileType = text.xcconfig; name = "Pods-Ofnote.debug.xcconfig"; path = "Pods/Target Support Files/Pods-Ofnote/Pods-Ofnote.debug.xcconfig"; sourceTree = "<group>"; };
/* End PBXFileReference section */

/* Begin PBXFrameworksBuildPhase section */
		A8D958A6208EB8D50072DD5D /* Frameworks */ = {
			isa = PBXFrameworksBuildPhase;
			buildActionMask = 2147483647;
			files = (
				FF03CF962B4B56AF27DEBB8E /* Pods_Ofnote.framework in Frameworks */,
			);
			runOnlyForDeploymentPostprocessing = 0;
		};
/* End PBXFrameworksBuildPhase section */

/* Begin PBXGroup section */
		A812ED4E208EBABF0061FDA7 /* Controller */ = {
			isa = PBXGroup;
			children = (
				A8D958AE208EB8D50072DD5D /* RootVC.swift */,
				A8D19F292092CFE300F32A9C /* AddNoteVC.swift */,
				A87A59AA20B3DCE000890545 /* SettingsVC.swift */,
			);
			path = Controller;
			sourceTree = "<group>";
		};
		A812ED4F208EBACA0061FDA7 /* View */ = {
			isa = PBXGroup;
			children = (
				A8D958B0208EB8D50072DD5D /* Main.storyboard */,
				A8D19F2A2092CFE300F32A9C /* AddNoteVC.xib */,
				A86323692095686E00BE1CB7 /* TextFieldAccessoryView.xib */,
				A8BC41C420BC50B200AB5BD4 /* TextFieldAccessoryView.swift */,
				A846D00220B11FBD00399BBA /* NoteCell.swift */,
				A87A59AB20B3DCE000890545 /* SettingsVC.xib */,
				A87A59B320B5246F00890545 /* ThemeCell.swift */,
				A87A59B420B5246F00890545 /* ThemeCell.xib */,
			);
			path = View;
			sourceTree = "<group>";
		};
		A812ED50208EBAD00061FDA7 /* Model */ = {
			isa = PBXGroup;
			children = (
				A812ED52208EBCED0061FDA7 /* Note.swift */,
				A87A59AE20B508C500890545 /* Theme.swift */,
				A863235D2095411200BE1CB7 /* Priority.swift */,
				A8D19EFD2090300900F32A9C /* Dao.swift */,
			);
			path = Model;
			sourceTree = "<group>";
		};
		A846CFFD20A8C78C00399BBA /* Extensions */ = {
			isa = PBXGroup;
			children = (
				A846CFFE20A8C82300399BBA /* Date.swift */,
			);
			path = Extensions;
			sourceTree = "<group>";
		};
		A87A59A320B2370300890545 /* Shared */ = {
			isa = PBXGroup;
			children = (
				A87A59A420B2373200890545 /* UserNotification.swift */,
			);
			path = Shared;
			sourceTree = "<group>";
		};
		A87A59B020B51B7100890545 /* Services */ = {
			isa = PBXGroup;
			children = (
				A87A59B120B51BFD00890545 /* DataService.swift */,
			);
			path = Services;
			sourceTree = "<group>";
		};
		A8D958A0208EB8D40072DD5D = {
			isa = PBXGroup;
			children = (
				A8D958AB208EB8D50072DD5D /* Ofnote */,
				A8D958AA208EB8D50072DD5D /* Products */,
				DD8EE205F676828911704B02 /* Pods */,
				D0C95A492894D477901424A5 /* Frameworks */,
			);
			sourceTree = "<group>";
		};
		A8D958AA208EB8D50072DD5D /* Products */ = {
			isa = PBXGroup;
			children = (
				A8D958A9208EB8D50072DD5D /* Ofnote.app */,
			);
			name = Products;
			sourceTree = "<group>";
		};
		A8D958AB208EB8D50072DD5D /* Ofnote */ = {
			isa = PBXGroup;
			children = (
				A87A59B020B51B7100890545 /* Services */,
				A812ED50208EBAD00061FDA7 /* Model */,
				A812ED4F208EBACA0061FDA7 /* View */,
				A812ED4E208EBABF0061FDA7 /* Controller */,
				A87A59A320B2370300890545 /* Shared */,
				A846CFFD20A8C78C00399BBA /* Extensions */,
				A8D958AC208EB8D50072DD5D /* AppDelegate.swift */,
				A8D958B3208EB8D50072DD5D /* Assets.xcassets */,
				A8D958B5208EB8D50072DD5D /* LaunchScreen.storyboard */,
				A87A59A820B25AA900890545 /* forget.png */,
				A8D958B8208EB8D50072DD5D /* Info.plist */,
			);
			path = Ofnote;
			sourceTree = "<group>";
		};
		D0C95A492894D477901424A5 /* Frameworks */ = {
			isa = PBXGroup;
			children = (
				611E25787BDD1D2CB7515DAD /* Pods_Ofnote.framework */,
			);
			name = Frameworks;
			sourceTree = "<group>";
		};
		DD8EE205F676828911704B02 /* Pods */ = {
			isa = PBXGroup;
			children = (
				B381842F30D17218AC3C5473 /* Pods-Ofnote.debug.xcconfig */,
				AD574A1E4D40B0F444DD59A7 /* Pods-Ofnote.release.xcconfig */,
			);
			name = Pods;
			sourceTree = "<group>";
		};
/* End PBXGroup section */

/* Begin PBXNativeTarget section */
		A8D958A8208EB8D50072DD5D /* Ofnote */ = {
			isa = PBXNativeTarget;
			buildConfigurationList = A8D958BB208EB8D50072DD5D /* Build configuration list for PBXNativeTarget "Ofnote" */;
			buildPhases = (
				F61B1F0AD0A76C6E847439AF /* [CP] Check Pods Manifest.lock */,
				A8D958A5208EB8D50072DD5D /* Sources */,
				A8D958A6208EB8D50072DD5D /* Frameworks */,
				A8D958A7208EB8D50072DD5D /* Resources */,
				AE1A179DAAE9A7985C68BDCB /* [CP] Embed Pods Frameworks */,
			);
			buildRules = (
			);
			dependencies = (
			);
			name = Ofnote;
			productName = Ofnote;
			productReference = A8D958A9208EB8D50072DD5D /* Ofnote.app */;
			productType = "com.apple.product-type.application";
		};
/* End PBXNativeTarget section */

/* Begin PBXProject section */
		A8D958A1208EB8D40072DD5D /* Project object */ = {
			isa = PBXProject;
			attributes = {
				LastSwiftUpdateCheck = 0920;
				LastUpgradeCheck = 0920;
				ORGANIZATIONNAME = "Matt Deuschle";
				TargetAttributes = {
					A8D958A8208EB8D50072DD5D = {
						CreatedOnToolsVersion = 9.2;
						ProvisioningStyle = Automatic;
					};
				};
			};
			buildConfigurationList = A8D958A4208EB8D40072DD5D /* Build configuration list for PBXProject "Ofnote" */;
			compatibilityVersion = "Xcode 8.0";
			developmentRegion = en;
			hasScannedForEncodings = 0;
			knownRegions = (
				en,
				Base,
			);
			mainGroup = A8D958A0208EB8D40072DD5D;
			productRefGroup = A8D958AA208EB8D50072DD5D /* Products */;
			projectDirPath = "";
			projectRoot = "";
			targets = (
				A8D958A8208EB8D50072DD5D /* Ofnote */,
			);
		};
/* End PBXProject section */

/* Begin PBXResourcesBuildPhase section */
		A8D958A7208EB8D50072DD5D /* Resources */ = {
			isa = PBXResourcesBuildPhase;
			buildActionMask = 2147483647;
			files = (
				A8D958B7208EB8D50072DD5D /* LaunchScreen.storyboard in Resources */,
				A87A59B620B5246F00890545 /* ThemeCell.xib in Resources */,
				A8D958B4208EB8D50072DD5D /* Assets.xcassets in Resources */,
				A87A59A920B25AA900890545 /* forget.png in Resources */,
				A8D19F2C2092CFE300F32A9C /* AddNoteVC.xib in Resources */,
				A87A59AD20B3DCE000890545 /* SettingsVC.xib in Resources */,
				A8D958B2208EB8D50072DD5D /* Main.storyboard in Resources */,
				A863236A2095686E00BE1CB7 /* TextFieldAccessoryView.xib in Resources */,
			);
			runOnlyForDeploymentPostprocessing = 0;
		};
/* End PBXResourcesBuildPhase section */

/* Begin PBXShellScriptBuildPhase section */
		AE1A179DAAE9A7985C68BDCB /* [CP] Embed Pods Frameworks */ = {
			isa = PBXShellScriptBuildPhase;
			buildActionMask = 2147483647;
			files = (
			);
			inputPaths = (
				"${SRCROOT}/Pods/Target Support Files/Pods-Ofnote/Pods-Ofnote-frameworks.sh",
				"${BUILT_PRODUCTS_DIR}/ChameleonFramework/ChameleonFramework.framework",
			);
			name = "[CP] Embed Pods Frameworks";
			outputPaths = (
				"${TARGET_BUILD_DIR}/${FRAMEWORKS_FOLDER_PATH}/ChameleonFramework.framework",
			);
			runOnlyForDeploymentPostprocessing = 0;
			shellPath = /bin/sh;
			shellScript = "\"${SRCROOT}/Pods/Target Support Files/Pods-Ofnote/Pods-Ofnote-frameworks.sh\"\n";
			showEnvVarsInLog = 0;
		};
		F61B1F0AD0A76C6E847439AF /* [CP] Check Pods Manifest.lock */ = {
			isa = PBXShellScriptBuildPhase;
			buildActionMask = 2147483647;
			files = (
			);
			inputPaths = (
				"${PODS_PODFILE_DIR_PATH}/Podfile.lock",
				"${PODS_ROOT}/Manifest.lock",
			);
			name = "[CP] Check Pods Manifest.lock";
			outputPaths = (
				"$(DERIVED_FILE_DIR)/Pods-Ofnote-checkManifestLockResult.txt",
			);
			runOnlyForDeploymentPostprocessing = 0;
			shellPath = /bin/sh;
			shellScript = "diff \"${PODS_PODFILE_DIR_PATH}/Podfile.lock\" \"${PODS_ROOT}/Manifest.lock\" > /dev/null\nif [ $? != 0 ] ; then\n    # print error to STDERR\n    echo \"error: The sandbox is not in sync with the Podfile.lock. Run 'pod install' or update your CocoaPods installation.\" >&2\n    exit 1\nfi\n# This output is used by Xcode 'outputs' to avoid re-running this script phase.\necho \"SUCCESS\" > \"${SCRIPT_OUTPUT_FILE_0}\"\n";
			showEnvVarsInLog = 0;
		};
/* End PBXShellScriptBuildPhase section */

/* Begin PBXSourcesBuildPhase section */
		A8D958A5208EB8D50072DD5D /* Sources */ = {
			isa = PBXSourcesBuildPhase;
			buildActionMask = 2147483647;
			files = (
				A8D19EFE2090300900F32A9C /* Dao.swift in Sources */,
				A8D958AF208EB8D50072DD5D /* RootVC.swift in Sources */,
				A87A59A520B2373200890545 /* UserNotification.swift in Sources */,
				A87A59B220B51BFD00890545 /* DataService.swift in Sources */,
				A846D00320B11FBD00399BBA /* NoteCell.swift in Sources */,
				A87A59AF20B508C500890545 /* Theme.swift in Sources */,
				A846CFFF20A8C82300399BBA /* Date.swift in Sources */,
				A8D19F2B2092CFE300F32A9C /* AddNoteVC.swift in Sources */,
				A87A59B520B5246F00890545 /* ThemeCell.swift in Sources */,
				A8D958AD208EB8D50072DD5D /* AppDelegate.swift in Sources */,
				A812ED53208EBCED0061FDA7 /* Note.swift in Sources */,
				A863235E2095411200BE1CB7 /* Priority.swift in Sources */,
				A87A59AC20B3DCE000890545 /* SettingsVC.swift in Sources */,
				A8BC41C520BC50B200AB5BD4 /* TextFieldAccessoryView.swift in Sources */,
			);
			runOnlyForDeploymentPostprocessing = 0;
		};
/* End PBXSourcesBuildPhase section */

/* Begin PBXVariantGroup section */
		A8D958B0208EB8D50072DD5D /* Main.storyboard */ = {
			isa = PBXVariantGroup;
			children = (
				A8D958B1208EB8D50072DD5D /* Base */,
			);
			name = Main.storyboard;
			sourceTree = "<group>";
		};
		A8D958B5208EB8D50072DD5D /* LaunchScreen.storyboard */ = {
			isa = PBXVariantGroup;
			children = (
				A8D958B6208EB8D50072DD5D /* Base */,
			);
			name = LaunchScreen.storyboard;
			sourceTree = "<group>";
		};
/* End PBXVariantGroup section */

/* Begin XCBuildConfiguration section */
		A8D958B9208EB8D50072DD5D /* Debug */ = {
			isa = XCBuildConfiguration;
			buildSettings = {
				ALWAYS_SEARCH_USER_PATHS = NO;
				CLANG_ANALYZER_NONNULL = YES;
				CLANG_ANALYZER_NUMBER_OBJECT_CONVERSION = YES_AGGRESSIVE;
				CLANG_CXX_LANGUAGE_STANDARD = "gnu++14";
				CLANG_CXX_LIBRARY = "libc++";
				CLANG_ENABLE_MODULES = YES;
				CLANG_ENABLE_OBJC_ARC = YES;
				CLANG_WARN_BLOCK_CAPTURE_AUTORELEASING = YES;
				CLANG_WARN_BOOL_CONVERSION = YES;
				CLANG_WARN_COMMA = YES;
				CLANG_WARN_CONSTANT_CONVERSION = YES;
				CLANG_WARN_DIRECT_OBJC_ISA_USAGE = YES_ERROR;
				CLANG_WARN_DOCUMENTATION_COMMENTS = YES;
				CLANG_WARN_EMPTY_BODY = YES;
				CLANG_WARN_ENUM_CONVERSION = YES;
				CLANG_WARN_INFINITE_RECURSION = YES;
				CLANG_WARN_INT_CONVERSION = YES;
				CLANG_WARN_NON_LITERAL_NULL_CONVERSION = YES;
				CLANG_WARN_OBJC_LITERAL_CONVERSION = YES;
				CLANG_WARN_OBJC_ROOT_CLASS = YES_ERROR;
				CLANG_WARN_RANGE_LOOP_ANALYSIS = YES;
				CLANG_WARN_STRICT_PROTOTYPES = YES;
				CLANG_WARN_SUSPICIOUS_MOVE = YES;
				CLANG_WARN_UNGUARDED_AVAILABILITY = YES_AGGRESSIVE;
				CLANG_WARN_UNREACHABLE_CODE = YES;
				CLANG_WARN__DUPLICATE_METHOD_MATCH = YES;
				CODE_SIGN_IDENTITY = "iPhone Developer";
				COPY_PHASE_STRIP = NO;
				DEBUG_INFORMATION_FORMAT = dwarf;
				ENABLE_STRICT_OBJC_MSGSEND = YES;
				ENABLE_TESTABILITY = YES;
				GCC_C_LANGUAGE_STANDARD = gnu11;
				GCC_DYNAMIC_NO_PIC = NO;
				GCC_NO_COMMON_BLOCKS = YES;
				GCC_OPTIMIZATION_LEVEL = 0;
				GCC_PREPROCESSOR_DEFINITIONS = (
					"DEBUG=1",
					"$(inherited)",
				);
				GCC_WARN_64_TO_32_BIT_CONVERSION = YES;
				GCC_WARN_ABOUT_RETURN_TYPE = YES_ERROR;
				GCC_WARN_UNDECLARED_SELECTOR = YES;
				GCC_WARN_UNINITIALIZED_AUTOS = YES_AGGRESSIVE;
				GCC_WARN_UNUSED_FUNCTION = YES;
				GCC_WARN_UNUSED_VARIABLE = YES;
				IPHONEOS_DEPLOYMENT_TARGET = 11.2;
				MTL_ENABLE_DEBUG_INFO = YES;
				ONLY_ACTIVE_ARCH = YES;
				SDKROOT = iphoneos;
				SWIFT_ACTIVE_COMPILATION_CONDITIONS = DEBUG;
				SWIFT_OPTIMIZATION_LEVEL = "-Onone";
			};
			name = Debug;
		};
		A8D958BA208EB8D50072DD5D /* Release */ = {
			isa = XCBuildConfiguration;
			buildSettings = {
				ALWAYS_SEARCH_USER_PATHS = NO;
				CLANG_ANALYZER_NONNULL = YES;
				CLANG_ANALYZER_NUMBER_OBJECT_CONVERSION = YES_AGGRESSIVE;
				CLANG_CXX_LANGUAGE_STANDARD = "gnu++14";
				CLANG_CXX_LIBRARY = "libc++";
				CLANG_ENABLE_MODULES = YES;
				CLANG_ENABLE_OBJC_ARC = YES;
				CLANG_WARN_BLOCK_CAPTURE_AUTORELEASING = YES;
				CLANG_WARN_BOOL_CONVERSION = YES;
				CLANG_WARN_COMMA = YES;
				CLANG_WARN_CONSTANT_CONVERSION = YES;
				CLANG_WARN_DIRECT_OBJC_ISA_USAGE = YES_ERROR;
				CLANG_WARN_DOCUMENTATION_COMMENTS = YES;
				CLANG_WARN_EMPTY_BODY = YES;
				CLANG_WARN_ENUM_CONVERSION = YES;
				CLANG_WARN_INFINITE_RECURSION = YES;
				CLANG_WARN_INT_CONVERSION = YES;
				CLANG_WARN_NON_LITERAL_NULL_CONVERSION = YES;
				CLANG_WARN_OBJC_LITERAL_CONVERSION = YES;
				CLANG_WARN_OBJC_ROOT_CLASS = YES_ERROR;
				CLANG_WARN_RANGE_LOOP_ANALYSIS = YES;
				CLANG_WARN_STRICT_PROTOTYPES = YES;
				CLANG_WARN_SUSPICIOUS_MOVE = YES;
				CLANG_WARN_UNGUARDED_AVAILABILITY = YES_AGGRESSIVE;
				CLANG_WARN_UNREACHABLE_CODE = YES;
				CLANG_WARN__DUPLICATE_METHOD_MATCH = YES;
				CODE_SIGN_IDENTITY = "iPhone Developer";
				COPY_PHASE_STRIP = NO;
				DEBUG_INFORMATION_FORMAT = "dwarf-with-dsym";
				ENABLE_NS_ASSERTIONS = NO;
				ENABLE_STRICT_OBJC_MSGSEND = YES;
				GCC_C_LANGUAGE_STANDARD = gnu11;
				GCC_NO_COMMON_BLOCKS = YES;
				GCC_WARN_64_TO_32_BIT_CONVERSION = YES;
				GCC_WARN_ABOUT_RETURN_TYPE = YES_ERROR;
				GCC_WARN_UNDECLARED_SELECTOR = YES;
				GCC_WARN_UNINITIALIZED_AUTOS = YES_AGGRESSIVE;
				GCC_WARN_UNUSED_FUNCTION = YES;
				GCC_WARN_UNUSED_VARIABLE = YES;
				IPHONEOS_DEPLOYMENT_TARGET = 11.2;
				MTL_ENABLE_DEBUG_INFO = NO;
				SDKROOT = iphoneos;
				SWIFT_OPTIMIZATION_LEVEL = "-Owholemodule";
				VALIDATE_PRODUCT = YES;
			};
			name = Release;
		};
		A8D958BC208EB8D50072DD5D /* Debug */ = {
			isa = XCBuildConfiguration;
			baseConfigurationReference = B381842F30D17218AC3C5473 /* Pods-Ofnote.debug.xcconfig */;
			buildSettings = {
				ASSETCATALOG_COMPILER_APPICON_NAME = AppIcon;
				CODE_SIGN_STYLE = Automatic;
				DEVELOPMENT_TEAM = 3DKZWJ5854;
				INFOPLIST_FILE = Ofnote/Info.plist;
				LD_RUNPATH_SEARCH_PATHS = "$(inherited) @executable_path/Frameworks";
				PRODUCT_BUNDLE_IDENTIFIER = com.matt.deuschle.Ofnote;
				PRODUCT_NAME = "$(TARGET_NAME)";
				SWIFT_VERSION = 4.0;
				TARGETED_DEVICE_FAMILY = "1,2";
			};
			name = Debug;
		};
		A8D958BD208EB8D50072DD5D /* Release */ = {
			isa = XCBuildConfiguration;
			baseConfigurationReference = AD574A1E4D40B0F444DD59A7 /* Pods-Ofnote.release.xcconfig */;
			buildSettings = {
				ASSETCATALOG_COMPILER_APPICON_NAME = AppIcon;
				CODE_SIGN_STYLE = Automatic;
				DEVELOPMENT_TEAM = 3DKZWJ5854;
				INFOPLIST_FILE = Ofnote/Info.plist;
				LD_RUNPATH_SEARCH_PATHS = "$(inherited) @executable_path/Frameworks";
				PRODUCT_BUNDLE_IDENTIFIER = com.matt.deuschle.Ofnote;
				PRODUCT_NAME = "$(TARGET_NAME)";
				SWIFT_VERSION = 4.0;
				TARGETED_DEVICE_FAMILY = "1,2";
			};
			name = Release;
		};
/* End XCBuildConfiguration section */

/* Begin XCConfigurationList section */
		A8D958A4208EB8D40072DD5D /* Build configuration list for PBXProject "Ofnote" */ = {
			isa = XCConfigurationList;
			buildConfigurations = (
				A8D958B9208EB8D50072DD5D /* Debug */,
				A8D958BA208EB8D50072DD5D /* Release */,
			);
			defaultConfigurationIsVisible = 0;
			defaultConfigurationName = Release;
		};
		A8D958BB208EB8D50072DD5D /* Build configuration list for PBXNativeTarget "Ofnote" */ = {
			isa = XCConfigurationList;
			buildConfigurations = (
				A8D958BC208EB8D50072DD5D /* Debug */,
				A8D958BD208EB8D50072DD5D /* Release */,
			);
			defaultConfigurationIsVisible = 0;
			defaultConfigurationName = Release;
		};
/* End XCConfigurationList section */
	};
	rootObject = A8D958A1208EB8D40072DD5D /* Project object */;
}
